// !$*UTF8*$!
{
	archiveVersion = 1;
	classes = {
	};
	objectVersion = 46;
	objects = {

/* Begin PBXBuildFile section */
		B7C3ACF61DAB777D001DA55D /* AppDelegate.swift in Sources */ = {isa = PBXBuildFile; fileRef = B7C3ACF51DAB777D001DA55D /* AppDelegate.swift */; };
		B7C3ACF81DAB777D001DA55D /* ViewController.swift in Sources */ = {isa = PBXBuildFile; fileRef = B7C3ACF71DAB777D001DA55D /* ViewController.swift */; };
		B7C3ACFB1DAB777D001DA55D /* Main.storyboard in Resources */ = {isa = PBXBuildFile; fileRef = B7C3ACF91DAB777D001DA55D /* Main.storyboard */; };
		B7C3ACFD1DAB777D001DA55D /* Assets.xcassets in Resources */ = {isa = PBXBuildFile; fileRef = B7C3ACFC1DAB777D001DA55D /* Assets.xcassets */; };
		B7C3AD001DAB777D001DA55D /* LaunchScreen.storyboard in Resources */ = {isa = PBXBuildFile; fileRef = B7C3ACFE1DAB777D001DA55D /* LaunchScreen.storyboard */; };
		B7C3AD0B1DAB777D001DA55D /* GYPhotoBrowserTests.swift in Sources */ = {isa = PBXBuildFile; fileRef = B7C3AD0A1DAB777D001DA55D /* GYPhotoBrowserTests.swift */; };
		B7C3AD161DAB777D001DA55D /* GYPhotoBrowserUITests.swift in Sources */ = {isa = PBXBuildFile; fileRef = B7C3AD151DAB777D001DA55D /* GYPhotoBrowserUITests.swift */; };
		B7C3AD241DAB77B9001DA55D /* GYPhotoBrowserVC.swift in Sources */ = {isa = PBXBuildFile; fileRef = B7C3AD231DAB77B9001DA55D /* GYPhotoBrowserVC.swift */; };
/* End PBXBuildFile section */

/* Begin PBXContainerItemProxy section */
		B7C3AD071DAB777D001DA55D /* PBXContainerItemProxy */ = {
			isa = PBXContainerItemProxy;
			containerPortal = B7C3ACEA1DAB777C001DA55D /* Project object */;
			proxyType = 1;
			remoteGlobalIDString = B7C3ACF11DAB777C001DA55D;
			remoteInfo = GYPhotoBrowser;
		};
		B7C3AD121DAB777D001DA55D /* PBXContainerItemProxy */ = {
			isa = PBXContainerItemProxy;
			containerPortal = B7C3ACEA1DAB777C001DA55D /* Project object */;
			proxyType = 1;
			remoteGlobalIDString = B7C3ACF11DAB777C001DA55D;
			remoteInfo = GYPhotoBrowser;
		};
/* End PBXContainerItemProxy section */

/* Begin PBXFileReference section */
		B7C3ACF21DAB777D001DA55D /* GYPhotoBrowser.app */ = {isa = PBXFileReference; explicitFileType = wrapper.application; includeInIndex = 0; path = GYPhotoBrowser.app; sourceTree = BUILT_PRODUCTS_DIR; };
		B7C3ACF51DAB777D001DA55D /* AppDelegate.swift */ = {isa = PBXFileReference; lastKnownFileType = sourcecode.swift; path = AppDelegate.swift; sourceTree = "<group>"; };
		B7C3ACF71DAB777D001DA55D /* ViewController.swift */ = {isa = PBXFileReference; lastKnownFileType = sourcecode.swift; path = ViewController.swift; sourceTree = "<group>"; };
		B7C3ACFA1DAB777D001DA55D /* Base */ = {isa = PBXFileReference; lastKnownFileType = file.storyboard; name = Base; path = Base.lproj/Main.storyboard; sourceTree = "<group>"; };
		B7C3ACFC1DAB777D001DA55D /* Assets.xcassets */ = {isa = PBXFileReference; lastKnownFileType = folder.assetcatalog; path = Assets.xcassets; sourceTree = "<group>"; };
		B7C3ACFF1DAB777D001DA55D /* Base */ = {isa = PBXFileReference; lastKnownFileType = file.storyboard; name = Base; path = Base.lproj/LaunchScreen.storyboard; sourceTree = "<group>"; };
		B7C3AD011DAB777D001DA55D /* Info.plist */ = {isa = PBXFileReference; lastKnownFileType = text.plist.xml; path = Info.plist; sourceTree = "<group>"; };
		B7C3AD061DAB777D001DA55D /* GYPhotoBrowserTests.xctest */ = {isa = PBXFileReference; explicitFileType = wrapper.cfbundle; includeInIndex = 0; path = GYPhotoBrowserTests.xctest; sourceTree = BUILT_PRODUCTS_DIR; };
		B7C3AD0A1DAB777D001DA55D /* GYPhotoBrowserTests.swift */ = {isa = PBXFileReference; lastKnownFileType = sourcecode.swift; path = GYPhotoBrowserTests.swift; sourceTree = "<group>"; };
		B7C3AD0C1DAB777D001DA55D /* Info.plist */ = {isa = PBXFileReference; lastKnownFileType = text.plist.xml; path = Info.plist; sourceTree = "<group>"; };
		B7C3AD111DAB777D001DA55D /* GYPhotoBrowserUITests.xctest */ = {isa = PBXFileReference; explicitFileType = wrapper.cfbundle; includeInIndex = 0; path = GYPhotoBrowserUITests.xctest; sourceTree = BUILT_PRODUCTS_DIR; };
		B7C3AD151DAB777D001DA55D /* GYPhotoBrowserUITests.swift */ = {isa = PBXFileReference; lastKnownFileType = sourcecode.swift; path = GYPhotoBrowserUITests.swift; sourceTree = "<group>"; };
		B7C3AD171DAB777D001DA55D /* Info.plist */ = {isa = PBXFileReference; lastKnownFileType = text.plist.xml; path = Info.plist; sourceTree = "<group>"; };
		B7C3AD231DAB77B9001DA55D /* GYPhotoBrowserVC.swift */ = {isa = PBXFileReference; fileEncoding = 4; lastKnownFileType = sourcecode.swift; path = GYPhotoBrowserVC.swift; sourceTree = "<group>"; };
/* End PBXFileReference section */

/* Begin PBXFrameworksBuildPhase section */
		B7C3ACEF1DAB777C001DA55D /* Frameworks */ = {
			isa = PBXFrameworksBuildPhase;
			buildActionMask = 2147483647;
			files = (
			);
			runOnlyForDeploymentPostprocessing = 0;
		};
		B7C3AD031DAB777D001DA55D /* Frameworks */ = {
			isa = PBXFrameworksBuildPhase;
			buildActionMask = 2147483647;
			files = (
			);
			runOnlyForDeploymentPostprocessing = 0;
		};
		B7C3AD0E1DAB777D001DA55D /* Frameworks */ = {
			isa = PBXFrameworksBuildPhase;
			buildActionMask = 2147483647;
			files = (
			);
			runOnlyForDeploymentPostprocessing = 0;
		};
/* End PBXFrameworksBuildPhase section */

/* Begin PBXGroup section */
		B7C3ACE91DAB777C001DA55D = {
			isa = PBXGroup;
			children = (
				B7C3ACF41DAB777D001DA55D /* GYPhotoBrowser */,
				B7C3AD091DAB777D001DA55D /* GYPhotoBrowserTests */,
				B7C3AD141DAB777D001DA55D /* GYPhotoBrowserUITests */,
				B7C3ACF31DAB777D001DA55D /* Products */,
			);
			sourceTree = "<group>";
		};
		B7C3ACF31DAB777D001DA55D /* Products */ = {
			isa = PBXGroup;
			children = (
				B7C3ACF21DAB777D001DA55D /* GYPhotoBrowser.app */,
				B7C3AD061DAB777D001DA55D /* GYPhotoBrowserTests.xctest */,
				B7C3AD111DAB777D001DA55D /* GYPhotoBrowserUITests.xctest */,
			);
			name = Products;
			sourceTree = "<group>";
		};
		B7C3ACF41DAB777D001DA55D /* GYPhotoBrowser */ = {
			isa = PBXGroup;
			children = (
				B7C3ACF51DAB777D001DA55D /* AppDelegate.swift */,
				B7C3ACF71DAB777D001DA55D /* ViewController.swift */,
				B7C3AD231DAB77B9001DA55D /* GYPhotoBrowserVC.swift */,
				B7C3ACF91DAB777D001DA55D /* Main.storyboard */,
				B7C3ACFC1DAB777D001DA55D /* Assets.xcassets */,
				B7C3ACFE1DAB777D001DA55D /* LaunchScreen.storyboard */,
				B7C3AD011DAB777D001DA55D /* Info.plist */,
			);
			path = GYPhotoBrowser;
			sourceTree = "<group>";
		};
		B7C3AD091DAB777D001DA55D /* GYPhotoBrowserTests */ = {
			isa = PBXGroup;
			children = (
				B7C3AD0A1DAB777D001DA55D /* GYPhotoBrowserTests.swift */,
				B7C3AD0C1DAB777D001DA55D /* Info.plist */,
			);
			path = GYPhotoBrowserTests;
			sourceTree = "<group>";
		};
		B7C3AD141DAB777D001DA55D /* GYPhotoBrowserUITests */ = {
			isa = PBXGroup;
			children = (
				B7C3AD151DAB777D001DA55D /* GYPhotoBrowserUITests.swift */,
				B7C3AD171DAB777D001DA55D /* Info.plist */,
			);
			path = GYPhotoBrowserUITests;
			sourceTree = "<group>";
		};
/* End PBXGroup section */

/* Begin PBXNativeTarget section */
		B7C3ACF11DAB777C001DA55D /* GYPhotoBrowser */ = {
			isa = PBXNativeTarget;
			buildConfigurationList = B7C3AD1A1DAB777D001DA55D /* Build configuration list for PBXNativeTarget "GYPhotoBrowser" */;
			buildPhases = (
				B7C3ACEE1DAB777C001DA55D /* Sources */,
				B7C3ACEF1DAB777C001DA55D /* Frameworks */,
				B7C3ACF01DAB777C001DA55D /* Resources */,
			);
			buildRules = (
			);
			dependencies = (
			);
			name = GYPhotoBrowser;
			productName = GYPhotoBrowser;
			productReference = B7C3ACF21DAB777D001DA55D /* GYPhotoBrowser.app */;
			productType = "com.apple.product-type.application";
		};
		B7C3AD051DAB777D001DA55D /* GYPhotoBrowserTests */ = {
			isa = PBXNativeTarget;
			buildConfigurationList = B7C3AD1D1DAB777D001DA55D /* Build configuration list for PBXNativeTarget "GYPhotoBrowserTests" */;
			buildPhases = (
				B7C3AD021DAB777D001DA55D /* Sources */,
				B7C3AD031DAB777D001DA55D /* Frameworks */,
				B7C3AD041DAB777D001DA55D /* Resources */,
			);
			buildRules = (
			);
			dependencies = (
				B7C3AD081DAB777D001DA55D /* PBXTargetDependency */,
			);
			name = GYPhotoBrowserTests;
			productName = GYPhotoBrowserTests;
			productReference = B7C3AD061DAB777D001DA55D /* GYPhotoBrowserTests.xctest */;
			productType = "com.apple.product-type.bundle.unit-test";
		};
		B7C3AD101DAB777D001DA55D /* GYPhotoBrowserUITests */ = {
			isa = PBXNativeTarget;
			buildConfigurationList = B7C3AD201DAB777D001DA55D /* Build configuration list for PBXNativeTarget "GYPhotoBrowserUITests" */;
			buildPhases = (
				B7C3AD0D1DAB777D001DA55D /* Sources */,
				B7C3AD0E1DAB777D001DA55D /* Frameworks */,
				B7C3AD0F1DAB777D001DA55D /* Resources */,
			);
			buildRules = (
			);
			dependencies = (
				B7C3AD131DAB777D001DA55D /* PBXTargetDependency */,
			);
			name = GYPhotoBrowserUITests;
			productName = GYPhotoBrowserUITests;
			productReference = B7C3AD111DAB777D001DA55D /* GYPhotoBrowserUITests.xctest */;
			productType = "com.apple.product-type.bundle.ui-testing";
		};
/* End PBXNativeTarget section */

/* Begin PBXProject section */
		B7C3ACEA1DAB777C001DA55D /* Project object */ = {
			isa = PBXProject;
			attributes = {
				LastSwiftUpdateCheck = 0800;
				LastUpgradeCheck = 0800;
				ORGANIZATIONNAME = Giant;
				TargetAttributes = {
					B7C3ACF11DAB777C001DA55D = {
						CreatedOnToolsVersion = 8.0;
						DevelopmentTeam = NFC68K2BKB;
						ProvisioningStyle = Automatic;
					};
					B7C3AD051DAB777D001DA55D = {
						CreatedOnToolsVersion = 8.0;
						DevelopmentTeam = NFC68K2BKB;
						ProvisioningStyle = Automatic;
						TestTargetID = B7C3ACF11DAB777C001DA55D;
					};
					B7C3AD101DAB777D001DA55D = {
						CreatedOnToolsVersion = 8.0;
						DevelopmentTeam = NFC68K2BKB;
						ProvisioningStyle = Automatic;
						TestTargetID = B7C3ACF11DAB777C001DA55D;
					};
				};
			};
			buildConfigurationList = B7C3ACED1DAB777C001DA55D /* Build configuration list for PBXProject "GYPhotoBrowser" */;
			compatibilityVersion = "Xcode 3.2";
			developmentRegion = English;
			hasScannedForEncodings = 0;
			knownRegions = (
				en,
				Base,
			);
			mainGroup = B7C3ACE91DAB777C001DA55D;
			productRefGroup = B7C3ACF31DAB777D001DA55D /* Products */;
			projectDirPath = "";
			projectRoot = "";
			targets = (
				B7C3ACF11DAB777C001DA55D /* GYPhotoBrowser */,
				B7C3AD051DAB777D001DA55D /* GYPhotoBrowserTests */,
				B7C3AD101DAB777D001DA55D /* GYPhotoBrowserUITests */,
			);
		};
/* End PBXProject section */

/* Begin PBXResourcesBuildPhase section */
		B7C3ACF01DAB777C001DA55D /* Resources */ = {
			isa = PBXResourcesBuildPhase;
			buildActionMask = 2147483647;
			files = (
				B7C3AD001DAB777D001DA55D /* LaunchScreen.storyboard in Resources */,
				B7C3ACFD1DAB777D001DA55D /* Assets.xcassets in Resources */,
				B7C3ACFB1DAB777D001DA55D /* Main.storyboard in Resources */,
			);
			runOnlyForDeploymentPostprocessing = 0;
		};
		B7C3AD041DAB777D001DA55D /* Resources */ = {
			isa = PBXResourcesBuildPhase;
			buildActionMask = 2147483647;
			files = (
			);
			runOnlyForDeploymentPostprocessing = 0;
		};
		B7C3AD0F1DAB777D001DA55D /* Resources */ = {
			isa = PBXResourcesBuildPhase;
			buildActionMask = 2147483647;
			files = (
			);
			runOnlyForDeploymentPostprocessing = 0;
		};
/* End PBXResourcesBuildPhase section */

/* Begin PBXSourcesBuildPhase section */
		B7C3ACEE1DAB777C001DA55D /* Sources */ = {
			isa = PBXSourcesBuildPhase;
			buildActionMask = 2147483647;
			files = (
				B7C3AD241DAB77B9001DA55D /* GYPhotoBrowserVC.swift in Sources */,
				B7C3ACF81DAB777D001DA55D /* ViewController.swift in Sources */,
				B7C3ACF61DAB777D001DA55D /* AppDelegate.swift in Sources */,
			);
			runOnlyForDeploymentPostprocessing = 0;
		};
		B7C3AD021DAB777D001DA55D /* Sources */ = {
			isa = PBXSourcesBuildPhase;
			buildActionMask = 2147483647;
			files = (
				B7C3AD0B1DAB777D001DA55D /* GYPhotoBrowserTests.swift in Sources */,
			);
			runOnlyForDeploymentPostprocessing = 0;
		};
		B7C3AD0D1DAB777D001DA55D /* Sources */ = {
			isa = PBXSourcesBuildPhase;
			buildActionMask = 2147483647;
			files = (
				B7C3AD161DAB777D001DA55D /* GYPhotoBrowserUITests.swift in Sources */,
			);
			runOnlyForDeploymentPostprocessing = 0;
		};
/* End PBXSourcesBuildPhase section */

/* Begin PBXTargetDependency section */
		B7C3AD081DAB777D001DA55D /* PBXTargetDependency */ = {
			isa = PBXTargetDependency;
			target = B7C3ACF11DAB777C001DA55D /* GYPhotoBrowser */;
			targetProxy = B7C3AD071DAB777D001DA55D /* PBXContainerItemProxy */;
		};
		B7C3AD131DAB777D001DA55D /* PBXTargetDependency */ = {
			isa = PBXTargetDependency;
			target = B7C3ACF11DAB777C001DA55D /* GYPhotoBrowser */;
			targetProxy = B7C3AD121DAB777D001DA55D /* PBXContainerItemProxy */;
		};
/* End PBXTargetDependency section */

/* Begin PBXVariantGroup section */
		B7C3ACF91DAB777D001DA55D /* Main.storyboard */ = {
			isa = PBXVariantGroup;
			children = (
				B7C3ACFA1DAB777D001DA55D /* Base */,
			);
			name = Main.storyboard;
			sourceTree = "<group>";
		};
		B7C3ACFE1DAB777D001DA55D /* LaunchScreen.storyboard */ = {
			isa = PBXVariantGroup;
			children = (
				B7C3ACFF1DAB777D001DA55D /* Base */,
			);
			name = LaunchScreen.storyboard;
			sourceTree = "<group>";
		};
/* End PBXVariantGroup section */

/* Begin XCBuildConfiguration section */
		B7C3AD181DAB777D001DA55D /* Debug */ = {
			isa = XCBuildConfiguration;
			buildSettings = {
				ALWAYS_SEARCH_USER_PATHS = NO;
				CLANG_ANALYZER_NONNULL = YES;
				CLANG_CXX_LANGUAGE_STANDARD = "gnu++0x";
				CLANG_CXX_LIBRARY = "libc++";
				CLANG_ENABLE_MODULES = YES;
				CLANG_ENABLE_OBJC_ARC = YES;
				CLANG_WARN_BOOL_CONVERSION = YES;
				CLANG_WARN_CONSTANT_CONVERSION = YES;
				CLANG_WARN_DIRECT_OBJC_ISA_USAGE = YES_ERROR;
				CLANG_WARN_DOCUMENTATION_COMMENTS = YES;
				CLANG_WARN_EMPTY_BODY = YES;
				CLANG_WARN_ENUM_CONVERSION = YES;
				CLANG_WARN_INFINITE_RECURSION = YES;
				CLANG_WARN_INT_CONVERSION = YES;
				CLANG_WARN_OBJC_ROOT_CLASS = YES_ERROR;
				CLANG_WARN_SUSPICIOUS_MOVES = YES;
				CLANG_WARN_UNREACHABLE_CODE = YES;
				CLANG_WARN__DUPLICATE_METHOD_MATCH = YES;
				"CODE_SIGN_IDENTITY[sdk=iphoneos*]" = "iPhone Developer";
				COPY_PHASE_STRIP = NO;
				DEBUG_INFORMATION_FORMAT = dwarf;
				ENABLE_STRICT_OBJC_MSGSEND = YES;
				ENABLE_TESTABILITY = YES;
				GCC_C_LANGUAGE_STANDARD = gnu99;
				GCC_DYNAMIC_NO_PIC = NO;
				GCC_NO_COMMON_BLOCKS = YES;
				GCC_OPTIMIZATION_LEVEL = 0;
				GCC_PREPROCESSOR_DEFINITIONS = (
					"DEBUG=1",
					"$(inherited)",
				);
				GCC_WARN_64_TO_32_BIT_CONVERSION = YES;
				GCC_WARN_ABOUT_RETURN_TYPE = YES_ERROR;
				GCC_WARN_UNDECLARED_SELECTOR = YES;
				GCC_WARN_UNINITIALIZED_AUTOS = YES_AGGRESSIVE;
				GCC_WARN_UNUSED_FUNCTION = YES;
				GCC_WARN_UNUSED_VARIABLE = YES;
				IPHONEOS_DEPLOYMENT_TARGET = 10.0;
				MTL_ENABLE_DEBUG_INFO = YES;
				ONLY_ACTIVE_ARCH = YES;
				SDKROOT = iphoneos;
				SWIFT_ACTIVE_COMPILATION_CONDITIONS = DEBUG;
				SWIFT_OPTIMIZATION_LEVEL = "-Onone";
			};
			name = Debug;
		};
		B7C3AD191DAB777D001DA55D /* Release */ = {
			isa = XCBuildConfiguration;
			buildSettings = {
				ALWAYS_SEARCH_USER_PATHS = NO;
				CLANG_ANALYZER_NONNULL = YES;
				CLANG_CXX_LANGUAGE_STANDARD = "gnu++0x";
				CLANG_CXX_LIBRARY = "libc++";
				CLANG_ENABLE_MODULES = YES;
				CLANG_ENABLE_OBJC_ARC = YES;
				CLANG_WARN_BOOL_CONVERSION = YES;
				CLANG_WARN_CONSTANT_CONVERSION = YES;
				CLANG_WARN_DIRECT_OBJC_ISA_USAGE = YES_ERROR;
				CLANG_WARN_DOCUMENTATION_COMMENTS = YES;
				CLANG_WARN_EMPTY_BODY = YES;
				CLANG_WARN_ENUM_CONVERSION = YES;
				CLANG_WARN_INFINITE_RECURSION = YES;
				CLANG_WARN_INT_CONVERSION = YES;
				CLANG_WARN_OBJC_ROOT_CLASS = YES_ERROR;
				CLANG_WARN_SUSPICIOUS_MOVES = YES;
				CLANG_WARN_UNREACHABLE_CODE = YES;
				CLANG_WARN__DUPLICATE_METHOD_MATCH = YES;
				"CODE_SIGN_IDENTITY[sdk=iphoneos*]" = "iPhone Developer";
				COPY_PHASE_STRIP = NO;
				DEBUG_INFORMATION_FORMAT = "dwarf-with-dsym";
				ENABLE_NS_ASSERTIONS = NO;
				ENABLE_STRICT_OBJC_MSGSEND = YES;
				GCC_C_LANGUAGE_STANDARD = gnu99;
				GCC_NO_COMMON_BLOCKS = YES;
				GCC_WARN_64_TO_32_BIT_CONVERSION = YES;
				GCC_WARN_ABOUT_RETURN_TYPE = YES_ERROR;
				GCC_WARN_UNDECLARED_SELECTOR = YES;
				GCC_WARN_UNINITIALIZED_AUTOS = YES_AGGRESSIVE;
				GCC_WARN_UNUSED_FUNCTION = YES;
				GCC_WARN_UNUSED_VARIABLE = YES;
				IPHONEOS_DEPLOYMENT_TARGET = 10.0;
				MTL_ENABLE_DEBUG_INFO = NO;
				SDKROOT = iphoneos;
				SWIFT_OPTIMIZATION_LEVEL = "-Owholemodule";
				VALIDATE_PRODUCT = YES;
			};
			name = Release;
		};
		B7C3AD1B1DAB777D001DA55D /* Debug */ = {
			isa = XCBuildConfiguration;
			buildSettings = {
				ASSETCATALOG_COMPILER_APPICON_NAME = AppIcon;
				DEVELOPMENT_TEAM = NFC68K2BKB;
				INFOPLIST_FILE = GYPhotoBrowser/Info.plist;
				IPHONEOS_DEPLOYMENT_TARGET = 8.0;
				LD_RUNPATH_SEARCH_PATHS = "$(inherited) @executable_path/Frameworks";
				PRODUCT_BUNDLE_IDENTIFIER = com.Ozner.GYPhotoBrowser;
				PRODUCT_NAME = "$(TARGET_NAME)";
				SWIFT_VERSION = 3.0;
			};
			name = Debug;
		};
		B7C3AD1C1DAB777D001DA55D /* Release */ = {
			isa = XCBuildConfiguration;
			buildSettings = {
				ASSETCATALOG_COMPILER_APPICON_NAME = AppIcon;
				DEVELOPMENT_TEAM = NFC68K2BKB;
				INFOPLIST_FILE = GYPhotoBrowser/Info.plist;
				IPHONEOS_DEPLOYMENT_TARGET = 8.0;
				LD_RUNPATH_SEARCH_PATHS = "$(inherited) @executable_path/Frameworks";
				PRODUCT_BUNDLE_IDENTIFIER = com.Ozner.GYPhotoBrowser;
				PRODUCT_NAME = "$(TARGET_NAME)";
				SWIFT_VERSION = 3.0;
			};
			name = Release;
		};
		B7C3AD1E1DAB777D001DA55D /* Debug */ = {
			isa = XCBuildConfiguration;
			buildSettings = {
				ALWAYS_EMBED_SWIFT_STANDARD_LIBRARIES = YES;
				BUNDLE_LOADER = "$(TEST_HOST)";
				DEVELOPMENT_TEAM = NFC68K2BKB;
				INFOPLIST_FILE = GYPhotoBrowserTests/Info.plist;
				LD_RUNPATH_SEARCH_PATHS = "$(inherited) @executable_path/Frameworks @loader_path/Frameworks";
				PRODUCT_BUNDLE_IDENTIFIER = com.Ozner.GYPhotoBrowserTests;
				PRODUCT_NAME = "$(TARGET_NAME)";
				SWIFT_VERSION = 3.0;
				TEST_HOST = "$(BUILT_PRODUCTS_DIR)/GYPhotoBrowser.app/GYPhotoBrowser";
			};
			name = Debug;
		};
		B7C3AD1F1DAB777D001DA55D /* Release */ = {
			isa = XCBuildConfiguration;
			buildSettings = {
				ALWAYS_EMBED_SWIFT_STANDARD_LIBRARIES = YES;
				BUNDLE_LOADER = "$(TEST_HOST)";
				DEVELOPMENT_TEAM = NFC68K2BKB;
				INFOPLIST_FILE = GYPhotoBrowserTests/Info.plist;
				LD_RUNPATH_SEARCH_PATHS = "$(inherited) @executable_path/Frameworks @loader_path/Frameworks";
				PRODUCT_BUNDLE_IDENTIFIER = com.Ozner.GYPhotoBrowserTests;
				PRODUCT_NAME = "$(TARGET_NAME)";
				SWIFT_VERSION = 3.0;
				TEST_HOST = "$(BUILT_PRODUCTS_DIR)/GYPhotoBrowser.app/GYPhotoBrowser";
			};
			name = Release;
		};
		B7C3AD211DAB777D001DA55D /* Debug */ = {
			isa = XCBuildConfiguration;
			buildSettings = {
				ALWAYS_EMBED_SWIFT_STANDARD_LIBRARIES = YES;
				DEVELOPMENT_TEAM = NFC68K2BKB;
				INFOPLIST_FILE = GYPhotoBrowserUITests/Info.plist;
				LD_RUNPATH_SEARCH_PATHS = "$(inherited) @executable_path/Frameworks @loader_path/Frameworks";
				PRODUCT_BUNDLE_IDENTIFIER = com.Ozner.GYPhotoBrowserUITests;
				PRODUCT_NAME = "$(TARGET_NAME)";
				SWIFT_VERSION = 3.0;
				TEST_TARGET_NAME = GYPhotoBrowser;
			};
			name = Debug;
		};
		B7C3AD221DAB777D001DA55D /* Release */ = {
			isa = XCBuildConfiguration;
			buildSettings = {
				ALWAYS_EMBED_SWIFT_STANDARD_LIBRARIES = YES;
				DEVELOPMENT_TEAM = NFC68K2BKB;
				INFOPLIST_FILE = GYPhotoBrowserUITests/Info.plist;
				LD_RUNPATH_SEARCH_PATHS = "$(inherited) @executable_path/Frameworks @loader_path/Frameworks";
				PRODUCT_BUNDLE_IDENTIFIER = com.Ozner.GYPhotoBrowserUITests;
				PRODUCT_NAME = "$(TARGET_NAME)";
				SWIFT_VERSION = 3.0;
				TEST_TARGET_NAME = GYPhotoBrowser;
			};
			name = Release;
		};
/* End XCBuildConfiguration section */

/* Begin XCConfigurationList section */
		B7C3ACED1DAB777C001DA55D /* Build configuration list for PBXProject "GYPhotoBrowser" */ = {
			isa = XCConfigurationList;
			buildConfigurations = (
				B7C3AD181DAB777D001DA55D /* Debug */,
				B7C3AD191DAB777D001DA55D /* Release */,
			);
			defaultConfigurationIsVisible = 0;
			defaultConfigurationName = Release;
		};
		B7C3AD1A1DAB777D001DA55D /* Build configuration list for PBXNativeTarget "GYPhotoBrowser" */ = {
			isa = XCConfigurationList;
			buildConfigurations = (
				B7C3AD1B1DAB777D001DA55D /* Debug */,
				B7C3AD1C1DAB777D001DA55D /* Release */,
			);
			defaultConfigurationIsVisible = 0;
			defaultConfigurationName = Release;
		};
		B7C3AD1D1DAB777D001DA55D /* Build configuration list for PBXNativeTarget "GYPhotoBrowserTests" */ = {
			isa = XCConfigurationList;
			buildConfigurations = (
				B7C3AD1E1DAB777D001DA55D /* Debug */,
				B7C3AD1F1DAB777D001DA55D /* Release */,
			);
			defaultConfigurationIsVisible = 0;
			defaultConfigurationName = Release;
		};
		B7C3AD201DAB777D001DA55D /* Build configuration list for PBXNativeTarget "GYPhotoBrowserUITests" */ = {
			isa = XCConfigurationList;
			buildConfigurations = (
				B7C3AD211DAB777D001DA55D /* Debug */,
				B7C3AD221DAB777D001DA55D /* Release */,
			);
			defaultConfigurationIsVisible = 0;
			defaultConfigurationName = Release;
		};
/* End XCConfigurationList section */
	};
	rootObject = B7C3ACEA1DAB777C001DA55D /* Project object */;
}
